
Microsoft Visual Studio Solution File, Format Version 12.00
# Visual Studio Version 16
VisualStudioVersion = 16.0.32802.440
MinimumVisualStudioVersion = 10.0.40219.1
Project("{FAE04EC0-301F-11D3-BF4B-00C04F79EFBC}") = "RUAP_LV4", "RUAP_LV4\RUAP_LV4.csproj", "{F4B1740D-A519-4C2C-9EC9-A6240D7D1F39}"
EndProject
Global
	GlobalSection(SolutionConfigurationPlatforms) = preSolution
		Debug|Any CPU = Debug|Any CPU
		Release|Any CPU = Release|Any CPU
	EndGlobalSection
	GlobalSection(ProjectConfigurationPlatforms) = postSolution
		{F4B1740D-A519-4C2C-9EC9-A6240D7D1F39}.Debug|Any CPU.ActiveCfg = Debug|Any CPU
		{F4B1740D-A519-4C2C-9EC9-A6240D7D1F39}.Debug|Any CPU.Build.0 = Debug|Any CPU
		{F4B1740D-A519-4C2C-9EC9-A6240D7D1F39}.Release|Any CPU.ActiveCfg = Release|Any CPU
		{F4B1740D-A519-4C2C-9EC9-A6240D7D1F39}.Release|Any CPU.Build.0 = Release|Any CPU
	EndGlobalSection
	GlobalSection(SolutionProperties) = preSolution
		HideSolutionNode = FALSE
	EndGlobalSection
	GlobalSection(ExtensibilityGlobals) = postSolution
		SolutionGuid = {7D2939DE-ECCD-41A5-A151-3F02CF591F1D}
	EndGlobalSection
EndGlobal
